
Microsoft Visual Studio Solution File, Format Version 12.00
# Visual Studio 15
VisualStudioVersion = 15.0.28307.779
MinimumVisualStudioVersion = 10.0.40219.1
Project("{FAE04EC0-301F-11D3-BF4B-00C04F79EFBC}") = "n000000_assignment1", "n000000_assignment1\n000000_assignment1.csproj", "{546D9F6E-A20F-4D9F-89C7-3331104F10D2}"
EndProject
Global
	GlobalSection(SolutionConfigurationPlatforms) = preSolution
		Debug|Any CPU = Debug|Any CPU
		Release|Any CPU = Release|Any CPU
	EndGlobalSection
	GlobalSection(ProjectConfigurationPlatforms) = postSolution
		{546D9F6E-A20F-4D9F-89C7-3331104F10D2}.Debug|Any CPU.ActiveCfg = Debug|Any CPU
		{546D9F6E-A20F-4D9F-89C7-3331104F10D2}.Debug|Any CPU.Build.0 = Debug|Any CPU
		{546D9F6E-A20F-4D9F-89C7-3331104F10D2}.Release|Any CPU.ActiveCfg = Release|Any CPU
		{546D9F6E-A20F-4D9F-89C7-3331104F10D2}.Release|Any CPU.Build.0 = Release|Any CPU
	EndGlobalSection
	GlobalSection(SolutionProperties) = preSolution
		HideSolutionNode = FALSE
	EndGlobalSection
	GlobalSection(ExtensibilityGlobals) = postSolution
		SolutionGuid = {7ACE1D74-5806-435A-9A64-4B02089C6EC2}
	EndGlobalSection
EndGlobal
